PODS:
  - Alamofire (4.9.1)
  - AlamofireNetworkActivityIndicator (2.4.0):
    - Alamofire (~> 4.8)
  - MagicalRecord (2.4.0):
    - MagicalRecord/Core (= 2.4.0)
  - MagicalRecord/Core (2.4.0)
  - Nimble (8.0.5)
  - SwiftLint (0.38.2)

DEPENDENCIES:
  - Alamofire
  - AlamofireNetworkActivityIndicator
  - MagicalRecord (from `https://github.com/magicalpanda/MagicalRecord`)
  - Nimble
  - SwiftLint

SPEC REPOS:
  trunk:
    - Alamofire
    - AlamofireNetworkActivityIndicator
    - Nimble
    - SwiftLint

EXTERNAL SOURCES:
  MagicalRecord:
    :git: https://github.com/magicalpanda/MagicalRecord

CHECKOUT OPTIONS:
  MagicalRecord:
    :commit: 6031f608b79c1d6802007aaed6efd100e11f59ba
    :git: https://github.com/magicalpanda/MagicalRecord

SPEC CHECKSUMS:
  Alamofire: 85e8a02c69d6020a0d734f6054870d7ecb75cf18
  AlamofireNetworkActivityIndicator: 9acc3de3ca6645bf0efed462396b0df13dd3e7b8
  MagicalRecord: 1f22a766156474d9f46a9b1e1ce59ca9e37830fc
  Nimble: 4ab1aeb9b45553c75b9687196b0fa0713170a332
  SwiftLint: 8f5d2f903e1c9bcbc832fd16771e80a263ac6cbb

PODFILE CHECKSUM: 2194154216190838482fd3df66210c5abd2543c6

COCOAPODS: 1.8.4
